schema: '2.0'
stages:
  data_ingestion:
    cmd: python src/data/data_ingestion.py
    deps:
    - path: src/data/data_ingestion.py
      hash: md5
      md5: 45c9f8348f465bd8ff890335a70c7689
      size: 408
    outs:
    - path: data/raw
      hash: md5
      md5: c91bddd4f542e60b8377566a62424e52.dir
      size: 2928
      nfiles: 1
  data_preprocessing:
    cmd: python src/data/data_preprocessing.py
    deps:
    - path: data/raw
      hash: md5
      md5: c91bddd4f542e60b8377566a62424e52.dir
      size: 2928
      nfiles: 1
    - path: src/data/data_preprocessing.py
      hash: md5
      md5: 10e0c99b43fa69beb599477c375ace77
      size: 837
    outs:
    - path: data/final
      hash: md5
      md5: c5785da16bd0b40e1b1e5740db2de3d5.dir
      size: 1576
      nfiles: 4
  training_model:
    cmd: python src/model/train.py
    deps:
    - path: data/final
      hash: md5
      md5: c5785da16bd0b40e1b1e5740db2de3d5.dir
      size: 1576
      nfiles: 4
    - path: src/model/train.py
      hash: md5
      md5: f5ad400d204657ed6e9f979f50c3b34b
      size: 606
    outs:
    - path: models/model.pkl
      hash: md5
      md5: 6ab4c7140548ca5dd15cd9c39a1a8ab3
      size: 895
  evaluate_model:
    cmd: python src/model/evaluate.py
    deps:
    - path: data/final
      hash: md5
      md5: c5785da16bd0b40e1b1e5740db2de3d5.dir
      size: 1576
      nfiles: 4
    - path: models/model.pkl
      hash: md5
      md5: 6ab4c7140548ca5dd15cd9c39a1a8ab3
      size: 895
    - path: src/model/evaluate.py
      hash: md5
      md5: 9266f8449ce7c5f6248734b819fb98d1
      size: 987
    outs:
    - path: reports/metrics.json
      hash: md5
      md5: edd427babb64ebaacd6718aef36cd802
      size: 74
